
Microsoft Visual Studio Solution File, Format Version 12.00
# Visual Studio 15
VisualStudioVersion = 15.0.27428.2005
MinimumVisualStudioVersion = 10.0.40219.1
Project("{FAE04EC0-301F-11D3-BF4B-00C04F79EFBC}") = "SUS", "SUS\SUS.csproj", "{D03D78F0-F7BE-4F3D-B802-89D211FA228C}"
EndProject
Project("{FAE04EC0-301F-11D3-BF4B-00C04F79EFBC}") = "SUS.Modelo", "SUS.Modelo\SUS.Modelo.csproj", "{3E0A2D42-3339-4FFF-9051-7E3C02D5BE6E}"
EndProject
Global
	GlobalSection(SolutionConfigurationPlatforms) = preSolution
		Debug|Any CPU = Debug|Any CPU
		Release|Any CPU = Release|Any CPU
	EndGlobalSection
	GlobalSection(ProjectConfigurationPlatforms) = postSolution
		{D03D78F0-F7BE-4F3D-B802-89D211FA228C}.Debug|Any CPU.ActiveCfg = Debug|Any CPU
		{D03D78F0-F7BE-4F3D-B802-89D211FA228C}.Debug|Any CPU.Build.0 = Debug|Any CPU
		{D03D78F0-F7BE-4F3D-B802-89D211FA228C}.Release|Any CPU.ActiveCfg = Release|Any CPU
		{D03D78F0-F7BE-4F3D-B802-89D211FA228C}.Release|Any CPU.Build.0 = Release|Any CPU
		{3E0A2D42-3339-4FFF-9051-7E3C02D5BE6E}.Debug|Any CPU.ActiveCfg = Debug|Any CPU
		{3E0A2D42-3339-4FFF-9051-7E3C02D5BE6E}.Debug|Any CPU.Build.0 = Debug|Any CPU
		{3E0A2D42-3339-4FFF-9051-7E3C02D5BE6E}.Release|Any CPU.ActiveCfg = Release|Any CPU
		{3E0A2D42-3339-4FFF-9051-7E3C02D5BE6E}.Release|Any CPU.Build.0 = Release|Any CPU
	EndGlobalSection
	GlobalSection(SolutionProperties) = preSolution
		HideSolutionNode = FALSE
	EndGlobalSection
	GlobalSection(ExtensibilityGlobals) = postSolution
		SolutionGuid = {9827B2B0-FC2A-44A1-BB93-D84AB631B8E5}
	EndGlobalSection
EndGlobal
